
Microsoft Visual Studio Solution File, Format Version 12.00
# Visual Studio 14
VisualStudioVersion = 14.0.25420.1
MinimumVisualStudioVersion = 10.0.40219.1
Project("{FAE04EC0-301F-11D3-BF4B-00C04F79EFBC}") = "Chat_Client", "Chat_Client\Chat_Client.csproj", "{60D6FCD2-C4CA-4436-A2CC-910593B614FE}"
EndProject
Global
	GlobalSection(SolutionConfigurationPlatforms) = preSolution
		Debug|Any CPU = Debug|Any CPU
		Release|Any CPU = Release|Any CPU
	EndGlobalSection
	GlobalSection(ProjectConfigurationPlatforms) = postSolution
		{60D6FCD2-C4CA-4436-A2CC-910593B614FE}.Debug|Any CPU.ActiveCfg = Debug|Any CPU
		{60D6FCD2-C4CA-4436-A2CC-910593B614FE}.Debug|Any CPU.Build.0 = Debug|Any CPU
		{60D6FCD2-C4CA-4436-A2CC-910593B614FE}.Release|Any CPU.ActiveCfg = Release|Any CPU
		{60D6FCD2-C4CA-4436-A2CC-910593B614FE}.Release|Any CPU.Build.0 = Release|Any CPU
	EndGlobalSection
	GlobalSection(SolutionProperties) = preSolution
		HideSolutionNode = FALSE
	EndGlobalSection
EndGlobal
